
Microsoft Visual Studio Solution File, Format Version 12.00
Project("{FAE04EC0-301F-11D3-BF4B-00C04F79EFBC}") = "WpfApplication1", "WpfApplication1\WpfApplication1.csproj", "{AFE7FEBD-400F-4530-8FD2-870066A44EC0}"
EndProject
Global
	GlobalSection(SolutionConfigurationPlatforms) = preSolution
		Debug|Any CPU = Debug|Any CPU
		Release|Any CPU = Release|Any CPU
	EndGlobalSection
	GlobalSection(ProjectConfigurationPlatforms) = postSolution
		{AFE7FEBD-400F-4530-8FD2-870066A44EC0}.Debug|Any CPU.ActiveCfg = Debug|Any CPU
		{AFE7FEBD-400F-4530-8FD2-870066A44EC0}.Debug|Any CPU.Build.0 = Debug|Any CPU
		{AFE7FEBD-400F-4530-8FD2-870066A44EC0}.Release|Any CPU.ActiveCfg = Release|Any CPU
		{AFE7FEBD-400F-4530-8FD2-870066A44EC0}.Release|Any CPU.Build.0 = Release|Any CPU
	EndGlobalSection
EndGlobal
